
Microsoft Visual Studio Solution File, Format Version 12.00
# Visual Studio 14
VisualStudioVersion = 14.0.25123.0
MinimumVisualStudioVersion = 10.0.40219.1
Project("{F2A71F9B-5D33-465A-A702-920D77279786}") = "FunGBC", "src\emulator\FunGBC.fsproj", "{E892F6B4-A6C7-4810-A5A2-5635FAD00D3F}"
EndProject
Project("{F2A71F9B-5D33-465A-A702-920D77279786}") = "FunGBC-iOS", "src\ios\FunGBC-iOS.fsproj", "{7D43ECCF-08FC-4D8F-AD28-E8C913F46346}"
EndProject
Project("{F2A71F9B-5D33-465A-A702-920D77279786}") = "FunGBC-Winforms", "src\winforms\FunGBC-Winforms.fsproj", "{42C63399-D57C-4E63-B460-266447021CF5}"
	ProjectSection(ProjectDependencies) = postProject
		{E892F6B4-A6C7-4810-A5A2-5635FAD00D3F} = {E892F6B4-A6C7-4810-A5A2-5635FAD00D3F}
	EndProjectSection
EndProject
Global
	GlobalSection(SolutionConfigurationPlatforms) = preSolution
		Ad-Hoc|Any CPU = Ad-Hoc|Any CPU
		Ad-Hoc|iPhone = Ad-Hoc|iPhone
		Ad-Hoc|iPhoneSimulator = Ad-Hoc|iPhoneSimulator
		AppStore|Any CPU = AppStore|Any CPU
		AppStore|iPhone = AppStore|iPhone
		AppStore|iPhoneSimulator = AppStore|iPhoneSimulator
		Debug|Any CPU = Debug|Any CPU
		Debug|iPhone = Debug|iPhone
		Debug|iPhoneSimulator = Debug|iPhoneSimulator
		Release|Any CPU = Release|Any CPU
		Release|iPhone = Release|iPhone
		Release|iPhoneSimulator = Release|iPhoneSimulator
	EndGlobalSection
	GlobalSection(ProjectConfigurationPlatforms) = postSolution
		{E892F6B4-A6C7-4810-A5A2-5635FAD00D3F}.Ad-Hoc|Any CPU.ActiveCfg = Release|Any CPU
		{E892F6B4-A6C7-4810-A5A2-5635FAD00D3F}.Ad-Hoc|Any CPU.Build.0 = Release|Any CPU
		{E892F6B4-A6C7-4810-A5A2-5635FAD00D3F}.Ad-Hoc|iPhone.ActiveCfg = Release|Any CPU
		{E892F6B4-A6C7-4810-A5A2-5635FAD00D3F}.Ad-Hoc|iPhone.Build.0 = Release|Any CPU
		{E892F6B4-A6C7-4810-A5A2-5635FAD00D3F}.Ad-Hoc|iPhoneSimulator.ActiveCfg = Release|Any CPU
		{E892F6B4-A6C7-4810-A5A2-5635FAD00D3F}.Ad-Hoc|iPhoneSimulator.Build.0 = Release|Any CPU
		{E892F6B4-A6C7-4810-A5A2-5635FAD00D3F}.AppStore|Any CPU.ActiveCfg = Release|Any CPU
		{E892F6B4-A6C7-4810-A5A2-5635FAD00D3F}.AppStore|Any CPU.Build.0 = Release|Any CPU
		{E892F6B4-A6C7-4810-A5A2-5635FAD00D3F}.AppStore|iPhone.ActiveCfg = Release|Any CPU
		{E892F6B4-A6C7-4810-A5A2-5635FAD00D3F}.AppStore|iPhone.Build.0 = Release|Any CPU
		{E892F6B4-A6C7-4810-A5A2-5635FAD00D3F}.AppStore|iPhoneSimulator.ActiveCfg = Release|Any CPU
		{E892F6B4-A6C7-4810-A5A2-5635FAD00D3F}.AppStore|iPhoneSimulator.Build.0 = Release|Any CPU
		{E892F6B4-A6C7-4810-A5A2-5635FAD00D3F}.Debug|Any CPU.ActiveCfg = Debug|Any CPU
		{E892F6B4-A6C7-4810-A5A2-5635FAD00D3F}.Debug|Any CPU.Build.0 = Debug|Any CPU
		{E892F6B4-A6C7-4810-A5A2-5635FAD00D3F}.Debug|iPhone.ActiveCfg = Debug|Any CPU
		{E892F6B4-A6C7-4810-A5A2-5635FAD00D3F}.Debug|iPhone.Build.0 = Debug|Any CPU
		{E892F6B4-A6C7-4810-A5A2-5635FAD00D3F}.Debug|iPhoneSimulator.ActiveCfg = Debug|Any CPU
		{E892F6B4-A6C7-4810-A5A2-5635FAD00D3F}.Debug|iPhoneSimulator.Build.0 = Debug|Any CPU
		{E892F6B4-A6C7-4810-A5A2-5635FAD00D3F}.Release|Any CPU.ActiveCfg = Release|Any CPU
		{E892F6B4-A6C7-4810-A5A2-5635FAD00D3F}.Release|Any CPU.Build.0 = Release|Any CPU
		{E892F6B4-A6C7-4810-A5A2-5635FAD00D3F}.Release|iPhone.ActiveCfg = Release|Any CPU
		{E892F6B4-A6C7-4810-A5A2-5635FAD00D3F}.Release|iPhone.Build.0 = Release|Any CPU
		{E892F6B4-A6C7-4810-A5A2-5635FAD00D3F}.Release|iPhoneSimulator.ActiveCfg = Release|Any CPU
		{E892F6B4-A6C7-4810-A5A2-5635FAD00D3F}.Release|iPhoneSimulator.Build.0 = Release|Any CPU
		{7D43ECCF-08FC-4D8F-AD28-E8C913F46346}.Ad-Hoc|Any CPU.ActiveCfg = Ad-Hoc|iPhone
		{7D43ECCF-08FC-4D8F-AD28-E8C913F46346}.Ad-Hoc|iPhone.ActiveCfg = Ad-Hoc|iPhone
		{7D43ECCF-08FC-4D8F-AD28-E8C913F46346}.Ad-Hoc|iPhone.Build.0 = Ad-Hoc|iPhone
		{7D43ECCF-08FC-4D8F-AD28-E8C913F46346}.Ad-Hoc|iPhoneSimulator.ActiveCfg = Ad-Hoc|iPhoneSimulator
		{7D43ECCF-08FC-4D8F-AD28-E8C913F46346}.Ad-Hoc|iPhoneSimulator.Build.0 = Ad-Hoc|iPhoneSimulator
		{7D43ECCF-08FC-4D8F-AD28-E8C913F46346}.AppStore|Any CPU.ActiveCfg = AppStore|iPhone
		{7D43ECCF-08FC-4D8F-AD28-E8C913F46346}.AppStore|iPhone.ActiveCfg = AppStore|iPhone
		{7D43ECCF-08FC-4D8F-AD28-E8C913F46346}.AppStore|iPhone.Build.0 = AppStore|iPhone
		{7D43ECCF-08FC-4D8F-AD28-E8C913F46346}.AppStore|iPhoneSimulator.ActiveCfg = AppStore|iPhoneSimulator
		{7D43ECCF-08FC-4D8F-AD28-E8C913F46346}.AppStore|iPhoneSimulator.Build.0 = AppStore|iPhoneSimulator
		{7D43ECCF-08FC-4D8F-AD28-E8C913F46346}.Debug|Any CPU.ActiveCfg = Debug|iPhone
		{7D43ECCF-08FC-4D8F-AD28-E8C913F46346}.Debug|iPhone.ActiveCfg = Debug|iPhone
		{7D43ECCF-08FC-4D8F-AD28-E8C913F46346}.Debug|iPhone.Build.0 = Debug|iPhone
		{7D43ECCF-08FC-4D8F-AD28-E8C913F46346}.Debug|iPhoneSimulator.ActiveCfg = Debug|iPhoneSimulator
		{7D43ECCF-08FC-4D8F-AD28-E8C913F46346}.Debug|iPhoneSimulator.Build.0 = Debug|iPhoneSimulator
		{7D43ECCF-08FC-4D8F-AD28-E8C913F46346}.Release|Any CPU.ActiveCfg = Release|iPhone
		{7D43ECCF-08FC-4D8F-AD28-E8C913F46346}.Release|iPhone.ActiveCfg = Release|iPhone
		{7D43ECCF-08FC-4D8F-AD28-E8C913F46346}.Release|iPhone.Build.0 = Release|iPhone
		{7D43ECCF-08FC-4D8F-AD28-E8C913F46346}.Release|iPhoneSimulator.ActiveCfg = Release|iPhoneSimulator
		{7D43ECCF-08FC-4D8F-AD28-E8C913F46346}.Release|iPhoneSimulator.Build.0 = Release|iPhoneSimulator
		{42C63399-D57C-4E63-B460-266447021CF5}.Ad-Hoc|Any CPU.ActiveCfg = Release|Any CPU
		{42C63399-D57C-4E63-B460-266447021CF5}.Ad-Hoc|Any CPU.Build.0 = Release|Any CPU
		{42C63399-D57C-4E63-B460-266447021CF5}.Ad-Hoc|iPhone.ActiveCfg = Release|Any CPU
		{42C63399-D57C-4E63-B460-266447021CF5}.Ad-Hoc|iPhone.Build.0 = Release|Any CPU
		{42C63399-D57C-4E63-B460-266447021CF5}.Ad-Hoc|iPhoneSimulator.ActiveCfg = Release|Any CPU
		{42C63399-D57C-4E63-B460-266447021CF5}.Ad-Hoc|iPhoneSimulator.Build.0 = Release|Any CPU
		{42C63399-D57C-4E63-B460-266447021CF5}.AppStore|Any CPU.ActiveCfg = Release|Any CPU
		{42C63399-D57C-4E63-B460-266447021CF5}.AppStore|Any CPU.Build.0 = Release|Any CPU
		{42C63399-D57C-4E63-B460-266447021CF5}.AppStore|iPhone.ActiveCfg = Release|Any CPU
		{42C63399-D57C-4E63-B460-266447021CF5}.AppStore|iPhone.Build.0 = Release|Any CPU
		{42C63399-D57C-4E63-B460-266447021CF5}.AppStore|iPhoneSimulator.ActiveCfg = Release|Any CPU
		{42C63399-D57C-4E63-B460-266447021CF5}.AppStore|iPhoneSimulator.Build.0 = Release|Any CPU
		{42C63399-D57C-4E63-B460-266447021CF5}.Debug|Any CPU.ActiveCfg = Debug|Any CPU
		{42C63399-D57C-4E63-B460-266447021CF5}.Debug|Any CPU.Build.0 = Debug|Any CPU
		{42C63399-D57C-4E63-B460-266447021CF5}.Debug|iPhone.ActiveCfg = Debug|Any CPU
		{42C63399-D57C-4E63-B460-266447021CF5}.Debug|iPhone.Build.0 = Debug|Any CPU
		{42C63399-D57C-4E63-B460-266447021CF5}.Debug|iPhoneSimulator.ActiveCfg = Debug|Any CPU
		{42C63399-D57C-4E63-B460-266447021CF5}.Debug|iPhoneSimulator.Build.0 = Debug|Any CPU
		{42C63399-D57C-4E63-B460-266447021CF5}.Release|Any CPU.ActiveCfg = Release|Any CPU
		{42C63399-D57C-4E63-B460-266447021CF5}.Release|Any CPU.Build.0 = Release|Any CPU
		{42C63399-D57C-4E63-B460-266447021CF5}.Release|iPhone.ActiveCfg = Release|Any CPU
		{42C63399-D57C-4E63-B460-266447021CF5}.Release|iPhone.Build.0 = Release|Any CPU
		{42C63399-D57C-4E63-B460-266447021CF5}.Release|iPhoneSimulator.ActiveCfg = Release|Any CPU
		{42C63399-D57C-4E63-B460-266447021CF5}.Release|iPhoneSimulator.Build.0 = Release|Any CPU
	EndGlobalSection
	GlobalSection(SolutionProperties) = preSolution
		HideSolutionNode = FALSE
	EndGlobalSection
EndGlobal
