
Microsoft Visual Studio Solution File, Format Version 12.00
# Visual Studio 2013
VisualStudioVersion = 12.0.31101.0
MinimumVisualStudioVersion = 10.0.40219.1
Project("{F2A71F9B-5D33-465A-A702-920D77279786}") = "FunGBC", "FunGBC.fsproj", "{B65B2C68-63B9-485F-AA89-DAA1E3014234}"
EndProject
Project("{F2A71F9B-5D33-465A-A702-920D77279786}") = "FunGBC-Test", "FunGBC-Test\FunGBC-Test.fsproj", "{61D8092F-158D-46D5-A7A0-8288E8CE27D0}"
EndProject
Project("{2150E333-8FDC-42A3-9474-1A3956D46DE8}") = ".nuget", ".nuget", "{BF4D1F13-5E8B-4201-8C8D-1F99EE82F57E}"
	ProjectSection(SolutionItems) = preProject
		.nuget\packages.config = .nuget\packages.config
	EndProjectSection
EndProject
Global
	GlobalSection(SolutionConfigurationPlatforms) = preSolution
		Debug|Any CPU = Debug|Any CPU
		Release|Any CPU = Release|Any CPU
	EndGlobalSection
	GlobalSection(ProjectConfigurationPlatforms) = postSolution
		{B65B2C68-63B9-485F-AA89-DAA1E3014234}.Debug|Any CPU.ActiveCfg = Debug|Any CPU
		{B65B2C68-63B9-485F-AA89-DAA1E3014234}.Debug|Any CPU.Build.0 = Debug|Any CPU
		{B65B2C68-63B9-485F-AA89-DAA1E3014234}.Release|Any CPU.ActiveCfg = Release|Any CPU
		{B65B2C68-63B9-485F-AA89-DAA1E3014234}.Release|Any CPU.Build.0 = Release|Any CPU
		{61D8092F-158D-46D5-A7A0-8288E8CE27D0}.Debug|Any CPU.ActiveCfg = Debug|Any CPU
		{61D8092F-158D-46D5-A7A0-8288E8CE27D0}.Debug|Any CPU.Build.0 = Debug|Any CPU
		{61D8092F-158D-46D5-A7A0-8288E8CE27D0}.Release|Any CPU.ActiveCfg = Release|Any CPU
		{61D8092F-158D-46D5-A7A0-8288E8CE27D0}.Release|Any CPU.Build.0 = Release|Any CPU
	EndGlobalSection
	GlobalSection(SolutionProperties) = preSolution
		HideSolutionNode = FALSE
	EndGlobalSection
EndGlobal
